// !$*UTF8*$!
{
	archiveVersion = 1;
	classes = {
	};
	objectVersion = 46;
	objects = {

/* Begin PBXBuildFile section */
		0962CE0AAFAC52CE640CF995 /* Pods_DiffHub.framework in Frameworks */ = {isa = PBXBuildFile; fileRef = E6B27CDF2065648BB027425F /* Pods_DiffHub.framework */; };
		20310D951DFD3C1800B6C354 /* SplitFilesChangedViewController.swift in Sources */ = {isa = PBXBuildFile; fileRef = 20310D941DFD3C1800B6C354 /* SplitFilesChangedViewController.swift */; };
		20310D971DFD6E8100B6C354 /* DiffHubFile.swift in Sources */ = {isa = PBXBuildFile; fileRef = 20310D961DFD6E8100B6C354 /* DiffHubFile.swift */; };
		20310D9B1DFDF76C00B6C354 /* RegexParser.swift in Sources */ = {isa = PBXBuildFile; fileRef = 20310D9A1DFDF76C00B6C354 /* RegexParser.swift */; };
		205C3DD01DFCFC2B00059A87 /* DataManager.swift in Sources */ = {isa = PBXBuildFile; fileRef = 205C3DCF1DFCFC2B00059A87 /* DataManager.swift */; };
		205D89661DFE40AF009D0579 /* PullFileTableViewHeaderView.swift in Sources */ = {isa = PBXBuildFile; fileRef = 205D89651DFE40AF009D0579 /* PullFileTableViewHeaderView.swift */; };
		205D89681DFE411B009D0579 /* PullFileTableViewHeaderView.xib in Resources */ = {isa = PBXBuildFile; fileRef = 205D89671DFE411B009D0579 /* PullFileTableViewHeaderView.xib */; };
		205D896E1DFE430B009D0579 /* Hack-Bold.ttf in Resources */ = {isa = PBXBuildFile; fileRef = 205D896A1DFE430B009D0579 /* Hack-Bold.ttf */; };
		205D896F1DFE430B009D0579 /* Hack-BoldItalic.ttf in Resources */ = {isa = PBXBuildFile; fileRef = 205D896B1DFE430B009D0579 /* Hack-BoldItalic.ttf */; };
		205D89701DFE430B009D0579 /* Hack-Italic.ttf in Resources */ = {isa = PBXBuildFile; fileRef = 205D896C1DFE430B009D0579 /* Hack-Italic.ttf */; };
		205D89711DFE430B009D0579 /* Hack-Regular.ttf in Resources */ = {isa = PBXBuildFile; fileRef = 205D896D1DFE430B009D0579 /* Hack-Regular.ttf */; };
		205D89731DFE831A009D0579 /* UIColor+GithubColor.swift in Sources */ = {isa = PBXBuildFile; fileRef = 205D89721DFE831A009D0579 /* UIColor+GithubColor.swift */; };
		205D89761DFE8F82009D0579 /* CodeLineTableViewCell.swift in Sources */ = {isa = PBXBuildFile; fileRef = 205D89741DFE8F82009D0579 /* CodeLineTableViewCell.swift */; };
		205D89771DFE8F82009D0579 /* CodeLineTableViewCell.xib in Resources */ = {isa = PBXBuildFile; fileRef = 205D89751DFE8F82009D0579 /* CodeLineTableViewCell.xib */; };
		205D897A1DFE9287009D0579 /* SectionTitleTableViewCell.swift in Sources */ = {isa = PBXBuildFile; fileRef = 205D89781DFE9287009D0579 /* SectionTitleTableViewCell.swift */; };
		205D897B1DFE9287009D0579 /* SectionTitleTableViewCell.xib in Resources */ = {isa = PBXBuildFile; fileRef = 205D89791DFE9287009D0579 /* SectionTitleTableViewCell.xib */; };
		20682FEA1DFCEE8A00480495 /* DiffHubConstants.swift in Sources */ = {isa = PBXBuildFile; fileRef = 20682FE91DFCEE8A00480495 /* DiffHubConstants.swift */; };
		20682FEC1DFCF32900480495 /* DiffHubPull.swift in Sources */ = {isa = PBXBuildFile; fileRef = 20682FEB1DFCF32900480495 /* DiffHubPull.swift */; };
		20AAB2741DFD2E550062C381 /* PullsTableViewController.swift in Sources */ = {isa = PBXBuildFile; fileRef = 20AAB2731DFD2E550062C381 /* PullsTableViewController.swift */; };
		20CEAB471DFCEA3B00EDBBD1 /* AppDelegate.swift in Sources */ = {isa = PBXBuildFile; fileRef = 20CEAB461DFCEA3B00EDBBD1 /* AppDelegate.swift */; };
		20CEAB4C1DFCEA3B00EDBBD1 /* Main.storyboard in Resources */ = {isa = PBXBuildFile; fileRef = 20CEAB4A1DFCEA3B00EDBBD1 /* Main.storyboard */; };
		20CEAB4E1DFCEA3B00EDBBD1 /* Assets.xcassets in Resources */ = {isa = PBXBuildFile; fileRef = 20CEAB4D1DFCEA3B00EDBBD1 /* Assets.xcassets */; };
		20CEAB511DFCEA3B00EDBBD1 /* LaunchScreen.storyboard in Resources */ = {isa = PBXBuildFile; fileRef = 20CEAB4F1DFCEA3B00EDBBD1 /* LaunchScreen.storyboard */; };
		20D0FEAE1DFD095F00053940 /* PullRequestInfoTableViewCell.swift in Sources */ = {isa = PBXBuildFile; fileRef = 20D0FEAC1DFD095F00053940 /* PullRequestInfoTableViewCell.swift */; };
		20D0FEAF1DFD095F00053940 /* PullRequestInfoTableViewCell.xib in Resources */ = {isa = PBXBuildFile; fileRef = 20D0FEAD1DFD095F00053940 /* PullRequestInfoTableViewCell.xib */; };
		20D0FEB11DFD1A8900053940 /* DiffHubUser.swift in Sources */ = {isa = PBXBuildFile; fileRef = 20D0FEB01DFD1A8900053940 /* DiffHubUser.swift */; };
/* End PBXBuildFile section */

/* Begin PBXFileReference section */
		05C35C198A378B58AC48F858 /* Pods-DiffHub.release.xcconfig */ = {isa = PBXFileReference; includeInIndex = 1; lastKnownFileType = text.xcconfig; name = "Pods-DiffHub.release.xcconfig"; path = "Pods/Target Support Files/Pods-DiffHub/Pods-DiffHub.release.xcconfig"; sourceTree = "<group>"; };
		1FAAD25104735F12843CDF94 /* Pods-DiffHub.debug.xcconfig */ = {isa = PBXFileReference; includeInIndex = 1; lastKnownFileType = text.xcconfig; name = "Pods-DiffHub.debug.xcconfig"; path = "Pods/Target Support Files/Pods-DiffHub/Pods-DiffHub.debug.xcconfig"; sourceTree = "<group>"; };
		20310D941DFD3C1800B6C354 /* SplitFilesChangedViewController.swift */ = {isa = PBXFileReference; fileEncoding = 4; lastKnownFileType = sourcecode.swift; path = SplitFilesChangedViewController.swift; sourceTree = "<group>"; };
		20310D961DFD6E8100B6C354 /* DiffHubFile.swift */ = {isa = PBXFileReference; fileEncoding = 4; lastKnownFileType = sourcecode.swift; path = DiffHubFile.swift; sourceTree = "<group>"; };
		20310D9A1DFDF76C00B6C354 /* RegexParser.swift */ = {isa = PBXFileReference; fileEncoding = 4; lastKnownFileType = sourcecode.swift; path = RegexParser.swift; sourceTree = "<group>"; };
		205C3DCF1DFCFC2B00059A87 /* DataManager.swift */ = {isa = PBXFileReference; fileEncoding = 4; lastKnownFileType = sourcecode.swift; path = DataManager.swift; sourceTree = "<group>"; };
		205D89651DFE40AF009D0579 /* PullFileTableViewHeaderView.swift */ = {isa = PBXFileReference; fileEncoding = 4; lastKnownFileType = sourcecode.swift; path = PullFileTableViewHeaderView.swift; sourceTree = "<group>"; };
		205D89671DFE411B009D0579 /* PullFileTableViewHeaderView.xib */ = {isa = PBXFileReference; fileEncoding = 4; lastKnownFileType = file.xib; path = PullFileTableViewHeaderView.xib; sourceTree = "<group>"; };
		205D896A1DFE430B009D0579 /* Hack-Bold.ttf */ = {isa = PBXFileReference; lastKnownFileType = file; name = "Hack-Bold.ttf"; path = "Font/Hack-Bold.ttf"; sourceTree = "<group>"; };
		205D896B1DFE430B009D0579 /* Hack-BoldItalic.ttf */ = {isa = PBXFileReference; lastKnownFileType = file; name = "Hack-BoldItalic.ttf"; path = "Font/Hack-BoldItalic.ttf"; sourceTree = "<group>"; };
		205D896C1DFE430B009D0579 /* Hack-Italic.ttf */ = {isa = PBXFileReference; lastKnownFileType = file; name = "Hack-Italic.ttf"; path = "Font/Hack-Italic.ttf"; sourceTree = "<group>"; };
		205D896D1DFE430B009D0579 /* Hack-Regular.ttf */ = {isa = PBXFileReference; lastKnownFileType = file; name = "Hack-Regular.ttf"; path = "Font/Hack-Regular.ttf"; sourceTree = "<group>"; };
		205D89721DFE831A009D0579 /* UIColor+GithubColor.swift */ = {isa = PBXFileReference; fileEncoding = 4; lastKnownFileType = sourcecode.swift; path = "UIColor+GithubColor.swift"; sourceTree = "<group>"; };
		205D89741DFE8F82009D0579 /* CodeLineTableViewCell.swift */ = {isa = PBXFileReference; fileEncoding = 4; lastKnownFileType = sourcecode.swift; path = CodeLineTableViewCell.swift; sourceTree = "<group>"; };
		205D89751DFE8F82009D0579 /* CodeLineTableViewCell.xib */ = {isa = PBXFileReference; fileEncoding = 4; lastKnownFileType = file.xib; path = CodeLineTableViewCell.xib; sourceTree = "<group>"; };
		205D89781DFE9287009D0579 /* SectionTitleTableViewCell.swift */ = {isa = PBXFileReference; fileEncoding = 4; lastKnownFileType = sourcecode.swift; path = SectionTitleTableViewCell.swift; sourceTree = "<group>"; };
		205D89791DFE9287009D0579 /* SectionTitleTableViewCell.xib */ = {isa = PBXFileReference; fileEncoding = 4; lastKnownFileType = file.xib; path = SectionTitleTableViewCell.xib; sourceTree = "<group>"; };
		20682FE91DFCEE8A00480495 /* DiffHubConstants.swift */ = {isa = PBXFileReference; fileEncoding = 4; lastKnownFileType = sourcecode.swift; path = DiffHubConstants.swift; sourceTree = "<group>"; };
		20682FEB1DFCF32900480495 /* DiffHubPull.swift */ = {isa = PBXFileReference; fileEncoding = 4; lastKnownFileType = sourcecode.swift; path = DiffHubPull.swift; sourceTree = "<group>"; };
		20AAB2731DFD2E550062C381 /* PullsTableViewController.swift */ = {isa = PBXFileReference; fileEncoding = 4; lastKnownFileType = sourcecode.swift; path = PullsTableViewController.swift; sourceTree = "<group>"; };
		20CEAB431DFCEA3B00EDBBD1 /* DiffHub.app */ = {isa = PBXFileReference; explicitFileType = wrapper.application; includeInIndex = 0; path = DiffHub.app; sourceTree = BUILT_PRODUCTS_DIR; };
		20CEAB461DFCEA3B00EDBBD1 /* AppDelegate.swift */ = {isa = PBXFileReference; lastKnownFileType = sourcecode.swift; path = AppDelegate.swift; sourceTree = "<group>"; };
		20CEAB4B1DFCEA3B00EDBBD1 /* Base */ = {isa = PBXFileReference; lastKnownFileType = file.storyboard; name = Base; path = Base.lproj/Main.storyboard; sourceTree = "<group>"; };
		20CEAB4D1DFCEA3B00EDBBD1 /* Assets.xcassets */ = {isa = PBXFileReference; lastKnownFileType = folder.assetcatalog; path = Assets.xcassets; sourceTree = "<group>"; };
		20CEAB501DFCEA3B00EDBBD1 /* Base */ = {isa = PBXFileReference; lastKnownFileType = file.storyboard; name = Base; path = Base.lproj/LaunchScreen.storyboard; sourceTree = "<group>"; };
		20CEAB521DFCEA3B00EDBBD1 /* Info.plist */ = {isa = PBXFileReference; lastKnownFileType = text.plist.xml; path = Info.plist; sourceTree = "<group>"; };
		20D0FEAC1DFD095F00053940 /* PullRequestInfoTableViewCell.swift */ = {isa = PBXFileReference; fileEncoding = 4; lastKnownFileType = sourcecode.swift; path = PullRequestInfoTableViewCell.swift; sourceTree = "<group>"; };
		20D0FEAD1DFD095F00053940 /* PullRequestInfoTableViewCell.xib */ = {isa = PBXFileReference; fileEncoding = 4; lastKnownFileType = file.xib; path = PullRequestInfoTableViewCell.xib; sourceTree = "<group>"; };
		20D0FEB01DFD1A8900053940 /* DiffHubUser.swift */ = {isa = PBXFileReference; fileEncoding = 4; lastKnownFileType = sourcecode.swift; path = DiffHubUser.swift; sourceTree = "<group>"; };
		E6B27CDF2065648BB027425F /* Pods_DiffHub.framework */ = {isa = PBXFileReference; explicitFileType = wrapper.framework; includeInIndex = 0; path = Pods_DiffHub.framework; sourceTree = BUILT_PRODUCTS_DIR; };
/* End PBXFileReference section */

/* Begin PBXFrameworksBuildPhase section */
		20CEAB401DFCEA3B00EDBBD1 /* Frameworks */ = {
			isa = PBXFrameworksBuildPhase;
			buildActionMask = 2147483647;
			files = (
				0962CE0AAFAC52CE640CF995 /* Pods_DiffHub.framework in Frameworks */,
			);
			runOnlyForDeploymentPostprocessing = 0;
		};
/* End PBXFrameworksBuildPhase section */

/* Begin PBXGroup section */
		1DA5CE418A64F75D68F82CB5 /* Pods */ = {
			isa = PBXGroup;
			children = (
				1FAAD25104735F12843CDF94 /* Pods-DiffHub.debug.xcconfig */,
				05C35C198A378B58AC48F858 /* Pods-DiffHub.release.xcconfig */,
			);
			name = Pods;
			sourceTree = "<group>";
		};
		205D89691DFE42D9009D0579 /* Font */ = {
			isa = PBXGroup;
			children = (
				205D896A1DFE430B009D0579 /* Hack-Bold.ttf */,
				205D896B1DFE430B009D0579 /* Hack-BoldItalic.ttf */,
				205D896C1DFE430B009D0579 /* Hack-Italic.ttf */,
				205D896D1DFE430B009D0579 /* Hack-Regular.ttf */,
			);
			name = Font;
			sourceTree = "<group>";
		};
		20CEAB3A1DFCEA3B00EDBBD1 = {
			isa = PBXGroup;
			children = (
				205D89691DFE42D9009D0579 /* Font */,
				20CEAB451DFCEA3B00EDBBD1 /* DiffHub */,
				20CEAB441DFCEA3B00EDBBD1 /* Products */,
				1DA5CE418A64F75D68F82CB5 /* Pods */,
				4388F9A8D8278242CE38E8F6 /* Frameworks */,
			);
			sourceTree = "<group>";
		};
		20CEAB441DFCEA3B00EDBBD1 /* Products */ = {
			isa = PBXGroup;
			children = (
				20CEAB431DFCEA3B00EDBBD1 /* DiffHub.app */,
			);
			name = Products;
			sourceTree = "<group>";
		};
		20CEAB451DFCEA3B00EDBBD1 /* DiffHub */ = {
			isa = PBXGroup;
			children = (
				20CEAB461DFCEA3B00EDBBD1 /* AppDelegate.swift */,
				205D89721DFE831A009D0579 /* UIColor+GithubColor.swift */,
				20682FE91DFCEE8A00480495 /* DiffHubConstants.swift */,
				20AAB2731DFD2E550062C381 /* PullsTableViewController.swift */,
				20D0FEAC1DFD095F00053940 /* PullRequestInfoTableViewCell.swift */,
				20D0FEAD1DFD095F00053940 /* PullRequestInfoTableViewCell.xib */,
				20310D941DFD3C1800B6C354 /* SplitFilesChangedViewController.swift */,
				205D89651DFE40AF009D0579 /* PullFileTableViewHeaderView.swift */,
				205D89671DFE411B009D0579 /* PullFileTableViewHeaderView.xib */,
				205D89741DFE8F82009D0579 /* CodeLineTableViewCell.swift */,
				205D89751DFE8F82009D0579 /* CodeLineTableViewCell.xib */,
				205D89781DFE9287009D0579 /* SectionTitleTableViewCell.swift */,
				205D89791DFE9287009D0579 /* SectionTitleTableViewCell.xib */,
				20682FEB1DFCF32900480495 /* DiffHubPull.swift */,
				20D0FEB01DFD1A8900053940 /* DiffHubUser.swift */,
				20310D961DFD6E8100B6C354 /* DiffHubFile.swift */,
				20310D9A1DFDF76C00B6C354 /* RegexParser.swift */,
				205C3DCF1DFCFC2B00059A87 /* DataManager.swift */,
				20CEAB4A1DFCEA3B00EDBBD1 /* Main.storyboard */,
				20CEAB4D1DFCEA3B00EDBBD1 /* Assets.xcassets */,
				20CEAB4F1DFCEA3B00EDBBD1 /* LaunchScreen.storyboard */,
				20CEAB521DFCEA3B00EDBBD1 /* Info.plist */,
			);
			path = DiffHub;
			sourceTree = "<group>";
		};
		4388F9A8D8278242CE38E8F6 /* Frameworks */ = {
			isa = PBXGroup;
			children = (
				E6B27CDF2065648BB027425F /* Pods_DiffHub.framework */,
			);
			name = Frameworks;
			sourceTree = "<group>";
		};
/* End PBXGroup section */

/* Begin PBXNativeTarget section */
		20CEAB421DFCEA3B00EDBBD1 /* DiffHub */ = {
			isa = PBXNativeTarget;
			buildConfigurationList = 20CEAB551DFCEA3B00EDBBD1 /* Build configuration list for PBXNativeTarget "DiffHub" */;
			buildPhases = (
				E96C8D9671EC0F0F84ED3C5A /* [CP] Check Pods Manifest.lock */,
				20CEAB3F1DFCEA3B00EDBBD1 /* Sources */,
				20CEAB401DFCEA3B00EDBBD1 /* Frameworks */,
				20CEAB411DFCEA3B00EDBBD1 /* Resources */,
				B3A82B546502F00820DFB189 /* [CP] Embed Pods Frameworks */,
				026F82F00A8C3CEE0EB87A04 /* [CP] Copy Pods Resources */,
			);
			buildRules = (
			);
			dependencies = (
			);
			name = DiffHub;
			productName = DiffHub;
			productReference = 20CEAB431DFCEA3B00EDBBD1 /* DiffHub.app */;
			productType = "com.apple.product-type.application";
		};
/* End PBXNativeTarget section */

/* Begin PBXProject section */
		20CEAB3B1DFCEA3B00EDBBD1 /* Project object */ = {
			isa = PBXProject;
			attributes = {
				LastSwiftUpdateCheck = 0800;
				LastUpgradeCheck = 0820;
				ORGANIZATIONNAME = "Evan Liang";
				TargetAttributes = {
					20CEAB421DFCEA3B00EDBBD1 = {
						CreatedOnToolsVersion = 8.0;
						DevelopmentTeam = F2K9CXSDAD;
						ProvisioningStyle = Automatic;
					};
				};
			};
			buildConfigurationList = 20CEAB3E1DFCEA3B00EDBBD1 /* Build configuration list for PBXProject "DiffHub" */;
			compatibilityVersion = "Xcode 3.2";
			developmentRegion = English;
			hasScannedForEncodings = 0;
			knownRegions = (
				en,
				Base,
			);
			mainGroup = 20CEAB3A1DFCEA3B00EDBBD1;
			productRefGroup = 20CEAB441DFCEA3B00EDBBD1 /* Products */;
			projectDirPath = "";
			projectRoot = "";
			targets = (
				20CEAB421DFCEA3B00EDBBD1 /* DiffHub */,
			);
		};
/* End PBXProject section */

/* Begin PBXResourcesBuildPhase section */
		20CEAB411DFCEA3B00EDBBD1 /* Resources */ = {
			isa = PBXResourcesBuildPhase;
			buildActionMask = 2147483647;
			files = (
				20D0FEAF1DFD095F00053940 /* PullRequestInfoTableViewCell.xib in Resources */,
				205D897B1DFE9287009D0579 /* SectionTitleTableViewCell.xib in Resources */,
				20CEAB511DFCEA3B00EDBBD1 /* LaunchScreen.storyboard in Resources */,
				205D89771DFE8F82009D0579 /* CodeLineTableViewCell.xib in Resources */,
				205D89711DFE430B009D0579 /* Hack-Regular.ttf in Resources */,
				205D896E1DFE430B009D0579 /* Hack-Bold.ttf in Resources */,
				205D896F1DFE430B009D0579 /* Hack-BoldItalic.ttf in Resources */,
				20CEAB4E1DFCEA3B00EDBBD1 /* Assets.xcassets in Resources */,
				205D89701DFE430B009D0579 /* Hack-Italic.ttf in Resources */,
				20CEAB4C1DFCEA3B00EDBBD1 /* Main.storyboard in Resources */,
				205D89681DFE411B009D0579 /* PullFileTableViewHeaderView.xib in Resources */,
			);
			runOnlyForDeploymentPostprocessing = 0;
		};
/* End PBXResourcesBuildPhase section */

/* Begin PBXShellScriptBuildPhase section */
		026F82F00A8C3CEE0EB87A04 /* [CP] Copy Pods Resources */ = {
			isa = PBXShellScriptBuildPhase;
			buildActionMask = 2147483647;
			files = (
			);
			inputPaths = (
			);
			name = "[CP] Copy Pods Resources";
			outputPaths = (
			);
			runOnlyForDeploymentPostprocessing = 0;
			shellPath = /bin/sh;
			shellScript = "\"${SRCROOT}/Pods/Target Support Files/Pods-DiffHub/Pods-DiffHub-resources.sh\"\n";
			showEnvVarsInLog = 0;
		};
		B3A82B546502F00820DFB189 /* [CP] Embed Pods Frameworks */ = {
			isa = PBXShellScriptBuildPhase;
			buildActionMask = 2147483647;
			files = (
			);
			inputPaths = (
			);
			name = "[CP] Embed Pods Frameworks";
			outputPaths = (
			);
			runOnlyForDeploymentPostprocessing = 0;
			shellPath = /bin/sh;
			shellScript = "\"${SRCROOT}/Pods/Target Support Files/Pods-DiffHub/Pods-DiffHub-frameworks.sh\"\n";
			showEnvVarsInLog = 0;
		};
		E96C8D9671EC0F0F84ED3C5A /* [CP] Check Pods Manifest.lock */ = {
			isa = PBXShellScriptBuildPhase;
			buildActionMask = 2147483647;
			files = (
			);
			inputPaths = (
			);
			name = "[CP] Check Pods Manifest.lock";
			outputPaths = (
			);
			runOnlyForDeploymentPostprocessing = 0;
			shellPath = /bin/sh;
			shellScript = "diff \"${PODS_ROOT}/../Podfile.lock\" \"${PODS_ROOT}/Manifest.lock\" > /dev/null\nif [ $? != 0 ] ; then\n    # print error to STDERR\n    echo \"error: The sandbox is not in sync with the Podfile.lock. Run 'pod install' or update your CocoaPods installation.\" >&2\n    exit 1\nfi\n";
			showEnvVarsInLog = 0;
		};
/* End PBXShellScriptBuildPhase section */

/* Begin PBXSourcesBuildPhase section */
		20CEAB3F1DFCEA3B00EDBBD1 /* Sources */ = {
			isa = PBXSourcesBuildPhase;
			buildActionMask = 2147483647;
			files = (
				205D897A1DFE9287009D0579 /* SectionTitleTableViewCell.swift in Sources */,
				20310D9B1DFDF76C00B6C354 /* RegexParser.swift in Sources */,
				20310D951DFD3C1800B6C354 /* SplitFilesChangedViewController.swift in Sources */,
				20AAB2741DFD2E550062C381 /* PullsTableViewController.swift in Sources */,
				20D0FEB11DFD1A8900053940 /* DiffHubUser.swift in Sources */,
				20D0FEAE1DFD095F00053940 /* PullRequestInfoTableViewCell.swift in Sources */,
				20310D971DFD6E8100B6C354 /* DiffHubFile.swift in Sources */,
				205D89661DFE40AF009D0579 /* PullFileTableViewHeaderView.swift in Sources */,
				205C3DD01DFCFC2B00059A87 /* DataManager.swift in Sources */,
				205D89761DFE8F82009D0579 /* CodeLineTableViewCell.swift in Sources */,
				20682FEC1DFCF32900480495 /* DiffHubPull.swift in Sources */,
				20CEAB471DFCEA3B00EDBBD1 /* AppDelegate.swift in Sources */,
				205D89731DFE831A009D0579 /* UIColor+GithubColor.swift in Sources */,
				20682FEA1DFCEE8A00480495 /* DiffHubConstants.swift in Sources */,
			);
			runOnlyForDeploymentPostprocessing = 0;
		};
/* End PBXSourcesBuildPhase section */

/* Begin PBXVariantGroup section */
		20CEAB4A1DFCEA3B00EDBBD1 /* Main.storyboard */ = {
			isa = PBXVariantGroup;
			children = (
				20CEAB4B1DFCEA3B00EDBBD1 /* Base */,
			);
			name = Main.storyboard;
			sourceTree = "<group>";
		};
		20CEAB4F1DFCEA3B00EDBBD1 /* LaunchScreen.storyboard */ = {
			isa = PBXVariantGroup;
			children = (
				20CEAB501DFCEA3B00EDBBD1 /* Base */,
			);
			name = LaunchScreen.storyboard;
			sourceTree = "<group>";
		};
/* End PBXVariantGroup section */

/* Begin XCBuildConfiguration section */
		20CEAB531DFCEA3B00EDBBD1 /* Debug */ = {
			isa = XCBuildConfiguration;
			buildSettings = {
				ALWAYS_SEARCH_USER_PATHS = NO;
				CLANG_ANALYZER_NONNULL = YES;
				CLANG_CXX_LANGUAGE_STANDARD = "gnu++0x";
				CLANG_CXX_LIBRARY = "libc++";
				CLANG_ENABLE_MODULES = YES;
				CLANG_ENABLE_OBJC_ARC = YES;
				CLANG_WARN_BOOL_CONVERSION = YES;
				CLANG_WARN_CONSTANT_CONVERSION = YES;
				CLANG_WARN_DIRECT_OBJC_ISA_USAGE = YES_ERROR;
				CLANG_WARN_DOCUMENTATION_COMMENTS = YES;
				CLANG_WARN_EMPTY_BODY = YES;
				CLANG_WARN_ENUM_CONVERSION = YES;
				CLANG_WARN_INFINITE_RECURSION = YES;
				CLANG_WARN_INT_CONVERSION = YES;
				CLANG_WARN_OBJC_ROOT_CLASS = YES_ERROR;
				CLANG_WARN_SUSPICIOUS_MOVE = YES;
				CLANG_WARN_SUSPICIOUS_MOVES = YES;
				CLANG_WARN_UNREACHABLE_CODE = YES;
				CLANG_WARN__DUPLICATE_METHOD_MATCH = YES;
				"CODE_SIGN_IDENTITY[sdk=iphoneos*]" = "iPhone Developer";
				COPY_PHASE_STRIP = NO;
				DEBUG_INFORMATION_FORMAT = dwarf;
				ENABLE_STRICT_OBJC_MSGSEND = YES;
				ENABLE_TESTABILITY = YES;
				GCC_C_LANGUAGE_STANDARD = gnu99;
				GCC_DYNAMIC_NO_PIC = NO;
				GCC_NO_COMMON_BLOCKS = YES;
				GCC_OPTIMIZATION_LEVEL = 0;
				GCC_PREPROCESSOR_DEFINITIONS = (
					"DEBUG=1",
					"$(inherited)",
				);
				GCC_WARN_64_TO_32_BIT_CONVERSION = YES;
				GCC_WARN_ABOUT_RETURN_TYPE = YES_ERROR;
				GCC_WARN_UNDECLARED_SELECTOR = YES;
				GCC_WARN_UNINITIALIZED_AUTOS = YES_AGGRESSIVE;
				GCC_WARN_UNUSED_FUNCTION = YES;
				GCC_WARN_UNUSED_VARIABLE = YES;
				IPHONEOS_DEPLOYMENT_TARGET = 9.0;
				MTL_ENABLE_DEBUG_INFO = YES;
				ONLY_ACTIVE_ARCH = YES;
				SDKROOT = iphoneos;
				SWIFT_ACTIVE_COMPILATION_CONDITIONS = DEBUG;
				SWIFT_OPTIMIZATION_LEVEL = "-Onone";
				TARGETED_DEVICE_FAMILY = "1,2";
			};
			name = Debug;
		};
		20CEAB541DFCEA3B00EDBBD1 /* Release */ = {
			isa = XCBuildConfiguration;
			buildSettings = {
				ALWAYS_SEARCH_USER_PATHS = NO;
				CLANG_ANALYZER_NONNULL = YES;
				CLANG_CXX_LANGUAGE_STANDARD = "gnu++0x";
				CLANG_CXX_LIBRARY = "libc++";
				CLANG_ENABLE_MODULES = YES;
				CLANG_ENABLE_OBJC_ARC = YES;
				CLANG_WARN_BOOL_CONVERSION = YES;
				CLANG_WARN_CONSTANT_CONVERSION = YES;
				CLANG_WARN_DIRECT_OBJC_ISA_USAGE = YES_ERROR;
				CLANG_WARN_DOCUMENTATION_COMMENTS = YES;
				CLANG_WARN_EMPTY_BODY = YES;
				CLANG_WARN_ENUM_CONVERSION = YES;
				CLANG_WARN_INFINITE_RECURSION = YES;
				CLANG_WARN_INT_CONVERSION = YES;
				CLANG_WARN_OBJC_ROOT_CLASS = YES_ERROR;
				CLANG_WARN_SUSPICIOUS_MOVE = YES;
				CLANG_WARN_SUSPICIOUS_MOVES = YES;
				CLANG_WARN_UNREACHABLE_CODE = YES;
				CLANG_WARN__DUPLICATE_METHOD_MATCH = YES;
				"CODE_SIGN_IDENTITY[sdk=iphoneos*]" = "iPhone Developer";
				COPY_PHASE_STRIP = NO;
				DEBUG_INFORMATION_FORMAT = "dwarf-with-dsym";
				ENABLE_NS_ASSERTIONS = NO;
				ENABLE_STRICT_OBJC_MSGSEND = YES;
				GCC_C_LANGUAGE_STANDARD = gnu99;
				GCC_NO_COMMON_BLOCKS = YES;
				GCC_WARN_64_TO_32_BIT_CONVERSION = YES;
				GCC_WARN_ABOUT_RETURN_TYPE = YES_ERROR;
				GCC_WARN_UNDECLARED_SELECTOR = YES;
				GCC_WARN_UNINITIALIZED_AUTOS = YES_AGGRESSIVE;
				GCC_WARN_UNUSED_FUNCTION = YES;
				GCC_WARN_UNUSED_VARIABLE = YES;
				IPHONEOS_DEPLOYMENT_TARGET = 9.0;
				MTL_ENABLE_DEBUG_INFO = NO;
				SDKROOT = iphoneos;
				SWIFT_OPTIMIZATION_LEVEL = "-Owholemodule";
				TARGETED_DEVICE_FAMILY = "1,2";
				VALIDATE_PRODUCT = YES;
			};
			name = Release;
		};
		20CEAB561DFCEA3B00EDBBD1 /* Debug */ = {
			isa = XCBuildConfiguration;
			baseConfigurationReference = 1FAAD25104735F12843CDF94 /* Pods-DiffHub.debug.xcconfig */;
			buildSettings = {
				ALWAYS_EMBED_SWIFT_STANDARD_LIBRARIES = YES;
				ASSETCATALOG_COMPILER_APPICON_NAME = AppIcon;
				DEVELOPMENT_TEAM = F2K9CXSDAD;
				INFOPLIST_FILE = DiffHub/Info.plist;
				LD_RUNPATH_SEARCH_PATHS = "$(inherited) @executable_path/Frameworks";
				PRODUCT_BUNDLE_IDENTIFIER = com.evanliang.DiffHub;
				PRODUCT_NAME = "$(TARGET_NAME)";
				SWIFT_VERSION = 3.0;
			};
			name = Debug;
		};
		20CEAB571DFCEA3B00EDBBD1 /* Release */ = {
			isa = XCBuildConfiguration;
			baseConfigurationReference = 05C35C198A378B58AC48F858 /* Pods-DiffHub.release.xcconfig */;
			buildSettings = {
				ALWAYS_EMBED_SWIFT_STANDARD_LIBRARIES = YES;
				ASSETCATALOG_COMPILER_APPICON_NAME = AppIcon;
				DEVELOPMENT_TEAM = F2K9CXSDAD;
				INFOPLIST_FILE = DiffHub/Info.plist;
				LD_RUNPATH_SEARCH_PATHS = "$(inherited) @executable_path/Frameworks";
				PRODUCT_BUNDLE_IDENTIFIER = com.evanliang.DiffHub;
				PRODUCT_NAME = "$(TARGET_NAME)";
				SWIFT_VERSION = 3.0;
			};
			name = Release;
		};
/* End XCBuildConfiguration section */

/* Begin XCConfigurationList section */
		20CEAB3E1DFCEA3B00EDBBD1 /* Build configuration list for PBXProject "DiffHub" */ = {
			isa = XCConfigurationList;
			buildConfigurations = (
				20CEAB531DFCEA3B00EDBBD1 /* Debug */,
				20CEAB541DFCEA3B00EDBBD1 /* Release */,
			);
			defaultConfigurationIsVisible = 0;
			defaultConfigurationName = Release;
		};
		20CEAB551DFCEA3B00EDBBD1 /* Build configuration list for PBXNativeTarget "DiffHub" */ = {
			isa = XCConfigurationList;
			buildConfigurations = (
				20CEAB561DFCEA3B00EDBBD1 /* Debug */,
				20CEAB571DFCEA3B00EDBBD1 /* Release */,
			);
			defaultConfigurationIsVisible = 0;
			defaultConfigurationName = Release;
		};
/* End XCConfigurationList section */
	};
	rootObject = 20CEAB3B1DFCEA3B00EDBBD1 /* Project object */;
}
